
Microsoft Visual Studio Solution File, Format Version 12.00
# Visual Studio 15
VisualStudioVersion = 15.0.26228.9
MinimumVisualStudioVersion = 10.0.40219.1
Project("{FAE04EC0-301F-11D3-BF4B-00C04F79EFBC}") = "sfml-window", "src\Window\sfml-window.csproj", "{D17DE83D-A592-461F-8AF2-53F9E22E1D0F}"
EndProject
Project("{FAE04EC0-301F-11D3-BF4B-00C04F79EFBC}") = "sfml-graphics", "src\Graphics\sfml-graphics.csproj", "{46786269-57B9-48E7-AA4F-8F4D84609FE6}"
EndProject
Project("{FAE04EC0-301F-11D3-BF4B-00C04F79EFBC}") = "sfml-audio", "src\Audio\sfml-audio.csproj", "{0B202C4D-A457-47FE-84A3-031DD878C6BE}"
EndProject
Project("{FAE04EC0-301F-11D3-BF4B-00C04F79EFBC}") = "opengl", "examples\opengl\opengl.csproj", "{160AE11E-138A-4B77-9642-EA74F9A79B4D}"
	ProjectSection(ProjectDependencies) = postProject
		{A7583891-5462-4035-B9CF-0AFDCB2EF42B} = {A7583891-5462-4035-B9CF-0AFDCB2EF42B}
	EndProjectSection
EndProject
Project("{FAE04EC0-301F-11D3-BF4B-00C04F79EFBC}") = "window", "examples\window\window.csproj", "{C1FBB9AF-B69A-4D06-9BDC-EAC7606296FF}"
	ProjectSection(ProjectDependencies) = postProject
		{A7583891-5462-4035-B9CF-0AFDCB2EF42B} = {A7583891-5462-4035-B9CF-0AFDCB2EF42B}
	EndProjectSection
EndProject
Project("{FAE04EC0-301F-11D3-BF4B-00C04F79EFBC}") = "sound", "examples\sound\sound.csproj", "{16E177F3-A0FF-4091-8521-562E0EBAA3AB}"
	ProjectSection(ProjectDependencies) = postProject
		{A7583891-5462-4035-B9CF-0AFDCB2EF42B} = {A7583891-5462-4035-B9CF-0AFDCB2EF42B}
	EndProjectSection
EndProject
Project("{FAE04EC0-301F-11D3-BF4B-00C04F79EFBC}") = "sound_capture", "examples\sound_capture\sound_capture.csproj", "{F2F48990-F81E-41BA-AD01-168F6178C807}"
	ProjectSection(ProjectDependencies) = postProject
		{A7583891-5462-4035-B9CF-0AFDCB2EF42B} = {A7583891-5462-4035-B9CF-0AFDCB2EF42B}
	EndProjectSection
EndProject
Project("{FAE04EC0-301F-11D3-BF4B-00C04F79EFBC}") = "shader", "examples\shader\shader.csproj", "{9D4738F7-34EA-433A-A765-AF85A52A174D}"
	ProjectSection(ProjectDependencies) = postProject
		{A7583891-5462-4035-B9CF-0AFDCB2EF42B} = {A7583891-5462-4035-B9CF-0AFDCB2EF42B}
	EndProjectSection
EndProject
Project("{FAE04EC0-301F-11D3-BF4B-00C04F79EFBC}") = "sfml-system", "src\System\sfml-system.csproj", "{31D24303-F6A9-4D53-BB03-A73EDCB3186D}"
EndProject
Project("{2150E333-8FDC-42A3-9474-1A3956D46DE8}") = "Examples", "Examples", "{BE4B1F06-496A-461D-AC50-FC096BB3E8F1}"
EndProject
Project("{F184B08F-C81C-45F6-A57F-5ABD9991F28F}") = "visualbasic", "examples\visualbasic\visualbasic.vbproj", "{98552080-F688-46B4-A2FF-1AC7C50ECBE8}"
	ProjectSection(ProjectDependencies) = postProject
		{A7583891-5462-4035-B9CF-0AFDCB2EF42B} = {A7583891-5462-4035-B9CF-0AFDCB2EF42B}
	EndProjectSection
EndProject
Project("{7CF6DF6D-3B04-46F8-A40B-537D21BCA0B4}") = "sfml", "doc\sfml.shfbproj", "{C1140035-B151-4058-8B70-B23A3D5F612F}"
	ProjectSection(ProjectDependencies) = postProject
		{31D24303-F6A9-4D53-BB03-A73EDCB3186D} = {31D24303-F6A9-4D53-BB03-A73EDCB3186D}
		{D17DE83D-A592-461F-8AF2-53F9E22E1D0F} = {D17DE83D-A592-461F-8AF2-53F9E22E1D0F}
		{0B202C4D-A457-47FE-84A3-031DD878C6BE} = {0B202C4D-A457-47FE-84A3-031DD878C6BE}
		{46786269-57B9-48E7-AA4F-8F4D84609FE6} = {46786269-57B9-48E7-AA4F-8F4D84609FE6}
	EndProjectSection
EndProject
Project("{2150E333-8FDC-42A3-9474-1A3956D46DE8}") = "Documentation", "Documentation", "{18C13F25-64BD-4884-A33C-D1DFD486EFBA}"
EndProject
Project("{FAE04EC0-301F-11D3-BF4B-00C04F79EFBC}") = "Graphnode.SFML.Net.Build", "src\Build\Graphnode.SFML.Net.Build.csproj", "{A7583891-5462-4035-B9CF-0AFDCB2EF42B}"
	ProjectSection(ProjectDependencies) = postProject
		{31D24303-F6A9-4D53-BB03-A73EDCB3186D} = {31D24303-F6A9-4D53-BB03-A73EDCB3186D}
		{D17DE83D-A592-461F-8AF2-53F9E22E1D0F} = {D17DE83D-A592-461F-8AF2-53F9E22E1D0F}
		{0B202C4D-A457-47FE-84A3-031DD878C6BE} = {0B202C4D-A457-47FE-84A3-031DD878C6BE}
		{46786269-57B9-48E7-AA4F-8F4D84609FE6} = {46786269-57B9-48E7-AA4F-8F4D84609FE6}
	EndProjectSection
EndProject
Project("{2150E333-8FDC-42A3-9474-1A3956D46DE8}") = "Build", "Build", "{59FB3C0D-262E-4849-B4BE-C7B1A7CDE682}"
EndProject
Global
	GlobalSection(SolutionConfigurationPlatforms) = preSolution
		Debug|Any CPU = Debug|Any CPU
		Debug|Mixed Platforms = Debug|Mixed Platforms
		Debug|x64 = Debug|x64
		Debug|x86 = Debug|x86
		Release|Any CPU = Release|Any CPU
		Release|Mixed Platforms = Release|Mixed Platforms
		Release|x64 = Release|x64
		Release|x86 = Release|x86
	EndGlobalSection
	GlobalSection(ProjectConfigurationPlatforms) = postSolution
		{D17DE83D-A592-461F-8AF2-53F9E22E1D0F}.Debug|Any CPU.ActiveCfg = Debug|Any CPU
		{D17DE83D-A592-461F-8AF2-53F9E22E1D0F}.Debug|Any CPU.Build.0 = Debug|Any CPU
		{D17DE83D-A592-461F-8AF2-53F9E22E1D0F}.Debug|Mixed Platforms.ActiveCfg = Debug|Any CPU
		{D17DE83D-A592-461F-8AF2-53F9E22E1D0F}.Debug|Mixed Platforms.Build.0 = Debug|Any CPU
		{D17DE83D-A592-461F-8AF2-53F9E22E1D0F}.Debug|x64.ActiveCfg = Debug|Any CPU
		{D17DE83D-A592-461F-8AF2-53F9E22E1D0F}.Debug|x64.Build.0 = Debug|Any CPU
		{D17DE83D-A592-461F-8AF2-53F9E22E1D0F}.Debug|x86.ActiveCfg = Debug|Any CPU
		{D17DE83D-A592-461F-8AF2-53F9E22E1D0F}.Debug|x86.Build.0 = Debug|Any CPU
		{D17DE83D-A592-461F-8AF2-53F9E22E1D0F}.Release|Any CPU.ActiveCfg = Release|Any CPU
		{D17DE83D-A592-461F-8AF2-53F9E22E1D0F}.Release|Any CPU.Build.0 = Release|Any CPU
		{D17DE83D-A592-461F-8AF2-53F9E22E1D0F}.Release|Mixed Platforms.ActiveCfg = Release|Any CPU
		{D17DE83D-A592-461F-8AF2-53F9E22E1D0F}.Release|Mixed Platforms.Build.0 = Release|Any CPU
		{D17DE83D-A592-461F-8AF2-53F9E22E1D0F}.Release|x64.ActiveCfg = Release|Any CPU
		{D17DE83D-A592-461F-8AF2-53F9E22E1D0F}.Release|x64.Build.0 = Release|Any CPU
		{D17DE83D-A592-461F-8AF2-53F9E22E1D0F}.Release|x86.ActiveCfg = Release|Any CPU
		{D17DE83D-A592-461F-8AF2-53F9E22E1D0F}.Release|x86.Build.0 = Release|Any CPU
		{46786269-57B9-48E7-AA4F-8F4D84609FE6}.Debug|Any CPU.ActiveCfg = Debug|Any CPU
		{46786269-57B9-48E7-AA4F-8F4D84609FE6}.Debug|Any CPU.Build.0 = Debug|Any CPU
		{46786269-57B9-48E7-AA4F-8F4D84609FE6}.Debug|Mixed Platforms.ActiveCfg = Debug|Any CPU
		{46786269-57B9-48E7-AA4F-8F4D84609FE6}.Debug|Mixed Platforms.Build.0 = Debug|Any CPU
		{46786269-57B9-48E7-AA4F-8F4D84609FE6}.Debug|x64.ActiveCfg = Debug|Any CPU
		{46786269-57B9-48E7-AA4F-8F4D84609FE6}.Debug|x64.Build.0 = Debug|Any CPU
		{46786269-57B9-48E7-AA4F-8F4D84609FE6}.Debug|x86.ActiveCfg = Debug|Any CPU
		{46786269-57B9-48E7-AA4F-8F4D84609FE6}.Debug|x86.Build.0 = Debug|Any CPU
		{46786269-57B9-48E7-AA4F-8F4D84609FE6}.Release|Any CPU.ActiveCfg = Release|Any CPU
		{46786269-57B9-48E7-AA4F-8F4D84609FE6}.Release|Any CPU.Build.0 = Release|Any CPU
		{46786269-57B9-48E7-AA4F-8F4D84609FE6}.Release|Mixed Platforms.ActiveCfg = Release|Any CPU
		{46786269-57B9-48E7-AA4F-8F4D84609FE6}.Release|Mixed Platforms.Build.0 = Release|Any CPU
		{46786269-57B9-48E7-AA4F-8F4D84609FE6}.Release|x64.ActiveCfg = Release|Any CPU
		{46786269-57B9-48E7-AA4F-8F4D84609FE6}.Release|x64.Build.0 = Release|Any CPU
		{46786269-57B9-48E7-AA4F-8F4D84609FE6}.Release|x86.ActiveCfg = Release|Any CPU
		{46786269-57B9-48E7-AA4F-8F4D84609FE6}.Release|x86.Build.0 = Release|Any CPU
		{0B202C4D-A457-47FE-84A3-031DD878C6BE}.Debug|Any CPU.ActiveCfg = Debug|Any CPU
		{0B202C4D-A457-47FE-84A3-031DD878C6BE}.Debug|Any CPU.Build.0 = Debug|Any CPU
		{0B202C4D-A457-47FE-84A3-031DD878C6BE}.Debug|Mixed Platforms.ActiveCfg = Debug|Any CPU
		{0B202C4D-A457-47FE-84A3-031DD878C6BE}.Debug|Mixed Platforms.Build.0 = Debug|Any CPU
		{0B202C4D-A457-47FE-84A3-031DD878C6BE}.Debug|x64.ActiveCfg = Debug|Any CPU
		{0B202C4D-A457-47FE-84A3-031DD878C6BE}.Debug|x64.Build.0 = Debug|Any CPU
		{0B202C4D-A457-47FE-84A3-031DD878C6BE}.Debug|x86.ActiveCfg = Debug|Any CPU
		{0B202C4D-A457-47FE-84A3-031DD878C6BE}.Debug|x86.Build.0 = Debug|Any CPU
		{0B202C4D-A457-47FE-84A3-031DD878C6BE}.Release|Any CPU.ActiveCfg = Release|Any CPU
		{0B202C4D-A457-47FE-84A3-031DD878C6BE}.Release|Any CPU.Build.0 = Release|Any CPU
		{0B202C4D-A457-47FE-84A3-031DD878C6BE}.Release|Mixed Platforms.ActiveCfg = Release|Any CPU
		{0B202C4D-A457-47FE-84A3-031DD878C6BE}.Release|Mixed Platforms.Build.0 = Release|Any CPU
		{0B202C4D-A457-47FE-84A3-031DD878C6BE}.Release|x64.ActiveCfg = Release|Any CPU
		{0B202C4D-A457-47FE-84A3-031DD878C6BE}.Release|x64.Build.0 = Release|Any CPU
		{0B202C4D-A457-47FE-84A3-031DD878C6BE}.Release|x86.ActiveCfg = Release|Any CPU
		{0B202C4D-A457-47FE-84A3-031DD878C6BE}.Release|x86.Build.0 = Release|Any CPU
		{160AE11E-138A-4B77-9642-EA74F9A79B4D}.Debug|Any CPU.ActiveCfg = Debug|x86
		{160AE11E-138A-4B77-9642-EA74F9A79B4D}.Debug|Any CPU.Build.0 = Debug|x86
		{160AE11E-138A-4B77-9642-EA74F9A79B4D}.Debug|Mixed Platforms.ActiveCfg = Debug|x86
		{160AE11E-138A-4B77-9642-EA74F9A79B4D}.Debug|Mixed Platforms.Build.0 = Debug|x86
		{160AE11E-138A-4B77-9642-EA74F9A79B4D}.Debug|x64.ActiveCfg = Debug|x64
		{160AE11E-138A-4B77-9642-EA74F9A79B4D}.Debug|x64.Build.0 = Debug|x64
		{160AE11E-138A-4B77-9642-EA74F9A79B4D}.Debug|x86.ActiveCfg = Debug|x86
		{160AE11E-138A-4B77-9642-EA74F9A79B4D}.Debug|x86.Build.0 = Debug|x86
		{160AE11E-138A-4B77-9642-EA74F9A79B4D}.Release|Any CPU.ActiveCfg = Release|x86
		{160AE11E-138A-4B77-9642-EA74F9A79B4D}.Release|Any CPU.Build.0 = Release|x86
		{160AE11E-138A-4B77-9642-EA74F9A79B4D}.Release|Mixed Platforms.ActiveCfg = Release|x86
		{160AE11E-138A-4B77-9642-EA74F9A79B4D}.Release|Mixed Platforms.Build.0 = Release|x86
		{160AE11E-138A-4B77-9642-EA74F9A79B4D}.Release|x64.ActiveCfg = Release|x64
		{160AE11E-138A-4B77-9642-EA74F9A79B4D}.Release|x64.Build.0 = Release|x64
		{160AE11E-138A-4B77-9642-EA74F9A79B4D}.Release|x86.ActiveCfg = Release|x86
		{160AE11E-138A-4B77-9642-EA74F9A79B4D}.Release|x86.Build.0 = Release|x86
		{C1FBB9AF-B69A-4D06-9BDC-EAC7606296FF}.Debug|Any CPU.ActiveCfg = Debug|x86
		{C1FBB9AF-B69A-4D06-9BDC-EAC7606296FF}.Debug|Any CPU.Build.0 = Debug|x86
		{C1FBB9AF-B69A-4D06-9BDC-EAC7606296FF}.Debug|Mixed Platforms.ActiveCfg = Debug|x86
		{C1FBB9AF-B69A-4D06-9BDC-EAC7606296FF}.Debug|Mixed Platforms.Build.0 = Debug|x86
		{C1FBB9AF-B69A-4D06-9BDC-EAC7606296FF}.Debug|x64.ActiveCfg = Debug|x64
		{C1FBB9AF-B69A-4D06-9BDC-EAC7606296FF}.Debug|x64.Build.0 = Debug|x64
		{C1FBB9AF-B69A-4D06-9BDC-EAC7606296FF}.Debug|x86.ActiveCfg = Debug|x86
		{C1FBB9AF-B69A-4D06-9BDC-EAC7606296FF}.Debug|x86.Build.0 = Debug|x86
		{C1FBB9AF-B69A-4D06-9BDC-EAC7606296FF}.Release|Any CPU.ActiveCfg = Release|x86
		{C1FBB9AF-B69A-4D06-9BDC-EAC7606296FF}.Release|Any CPU.Build.0 = Release|x86
		{C1FBB9AF-B69A-4D06-9BDC-EAC7606296FF}.Release|Mixed Platforms.ActiveCfg = Release|x86
		{C1FBB9AF-B69A-4D06-9BDC-EAC7606296FF}.Release|Mixed Platforms.Build.0 = Release|x86
		{C1FBB9AF-B69A-4D06-9BDC-EAC7606296FF}.Release|x64.ActiveCfg = Release|x64
		{C1FBB9AF-B69A-4D06-9BDC-EAC7606296FF}.Release|x64.Build.0 = Release|x64
		{C1FBB9AF-B69A-4D06-9BDC-EAC7606296FF}.Release|x86.ActiveCfg = Release|x86
		{C1FBB9AF-B69A-4D06-9BDC-EAC7606296FF}.Release|x86.Build.0 = Release|x86
		{16E177F3-A0FF-4091-8521-562E0EBAA3AB}.Debug|Any CPU.ActiveCfg = Debug|x86
		{16E177F3-A0FF-4091-8521-562E0EBAA3AB}.Debug|Any CPU.Build.0 = Debug|x86
		{16E177F3-A0FF-4091-8521-562E0EBAA3AB}.Debug|Mixed Platforms.ActiveCfg = Debug|x86
		{16E177F3-A0FF-4091-8521-562E0EBAA3AB}.Debug|Mixed Platforms.Build.0 = Debug|x86
		{16E177F3-A0FF-4091-8521-562E0EBAA3AB}.Debug|x64.ActiveCfg = Debug|x64
		{16E177F3-A0FF-4091-8521-562E0EBAA3AB}.Debug|x64.Build.0 = Debug|x64
		{16E177F3-A0FF-4091-8521-562E0EBAA3AB}.Debug|x86.ActiveCfg = Debug|x86
		{16E177F3-A0FF-4091-8521-562E0EBAA3AB}.Debug|x86.Build.0 = Debug|x86
		{16E177F3-A0FF-4091-8521-562E0EBAA3AB}.Release|Any CPU.ActiveCfg = Release|x86
		{16E177F3-A0FF-4091-8521-562E0EBAA3AB}.Release|Any CPU.Build.0 = Release|x86
		{16E177F3-A0FF-4091-8521-562E0EBAA3AB}.Release|Mixed Platforms.ActiveCfg = Release|x86
		{16E177F3-A0FF-4091-8521-562E0EBAA3AB}.Release|Mixed Platforms.Build.0 = Release|x86
		{16E177F3-A0FF-4091-8521-562E0EBAA3AB}.Release|x64.ActiveCfg = Release|x64
		{16E177F3-A0FF-4091-8521-562E0EBAA3AB}.Release|x64.Build.0 = Release|x64
		{16E177F3-A0FF-4091-8521-562E0EBAA3AB}.Release|x86.ActiveCfg = Release|x86
		{16E177F3-A0FF-4091-8521-562E0EBAA3AB}.Release|x86.Build.0 = Release|x86
		{F2F48990-F81E-41BA-AD01-168F6178C807}.Debug|Any CPU.ActiveCfg = Debug|x86
		{F2F48990-F81E-41BA-AD01-168F6178C807}.Debug|Any CPU.Build.0 = Debug|x86
		{F2F48990-F81E-41BA-AD01-168F6178C807}.Debug|Mixed Platforms.ActiveCfg = Debug|x86
		{F2F48990-F81E-41BA-AD01-168F6178C807}.Debug|Mixed Platforms.Build.0 = Debug|x86
		{F2F48990-F81E-41BA-AD01-168F6178C807}.Debug|x64.ActiveCfg = Debug|x64
		{F2F48990-F81E-41BA-AD01-168F6178C807}.Debug|x64.Build.0 = Debug|x64
		{F2F48990-F81E-41BA-AD01-168F6178C807}.Debug|x86.ActiveCfg = Debug|x86
		{F2F48990-F81E-41BA-AD01-168F6178C807}.Debug|x86.Build.0 = Debug|x86
		{F2F48990-F81E-41BA-AD01-168F6178C807}.Release|Any CPU.ActiveCfg = Release|x86
		{F2F48990-F81E-41BA-AD01-168F6178C807}.Release|Any CPU.Build.0 = Release|x86
		{F2F48990-F81E-41BA-AD01-168F6178C807}.Release|Mixed Platforms.ActiveCfg = Release|x86
		{F2F48990-F81E-41BA-AD01-168F6178C807}.Release|Mixed Platforms.Build.0 = Release|x86
		{F2F48990-F81E-41BA-AD01-168F6178C807}.Release|x64.ActiveCfg = Release|x64
		{F2F48990-F81E-41BA-AD01-168F6178C807}.Release|x64.Build.0 = Release|x64
		{F2F48990-F81E-41BA-AD01-168F6178C807}.Release|x86.ActiveCfg = Release|x86
		{F2F48990-F81E-41BA-AD01-168F6178C807}.Release|x86.Build.0 = Release|x86
		{9D4738F7-34EA-433A-A765-AF85A52A174D}.Debug|Any CPU.ActiveCfg = Debug|x86
		{9D4738F7-34EA-433A-A765-AF85A52A174D}.Debug|Any CPU.Build.0 = Debug|x86
		{9D4738F7-34EA-433A-A765-AF85A52A174D}.Debug|Mixed Platforms.ActiveCfg = Debug|x86
		{9D4738F7-34EA-433A-A765-AF85A52A174D}.Debug|Mixed Platforms.Build.0 = Debug|x86
		{9D4738F7-34EA-433A-A765-AF85A52A174D}.Debug|x64.ActiveCfg = Debug|x64
		{9D4738F7-34EA-433A-A765-AF85A52A174D}.Debug|x64.Build.0 = Debug|x64
		{9D4738F7-34EA-433A-A765-AF85A52A174D}.Debug|x86.ActiveCfg = Debug|x86
		{9D4738F7-34EA-433A-A765-AF85A52A174D}.Debug|x86.Build.0 = Debug|x86
		{9D4738F7-34EA-433A-A765-AF85A52A174D}.Release|Any CPU.ActiveCfg = Release|x86
		{9D4738F7-34EA-433A-A765-AF85A52A174D}.Release|Any CPU.Build.0 = Release|x86
		{9D4738F7-34EA-433A-A765-AF85A52A174D}.Release|Mixed Platforms.ActiveCfg = Release|x86
		{9D4738F7-34EA-433A-A765-AF85A52A174D}.Release|Mixed Platforms.Build.0 = Release|x86
		{9D4738F7-34EA-433A-A765-AF85A52A174D}.Release|x64.ActiveCfg = Release|x64
		{9D4738F7-34EA-433A-A765-AF85A52A174D}.Release|x64.Build.0 = Release|x64
		{9D4738F7-34EA-433A-A765-AF85A52A174D}.Release|x86.ActiveCfg = Release|x86
		{9D4738F7-34EA-433A-A765-AF85A52A174D}.Release|x86.Build.0 = Release|x86
		{31D24303-F6A9-4D53-BB03-A73EDCB3186D}.Debug|Any CPU.ActiveCfg = Debug|Any CPU
		{31D24303-F6A9-4D53-BB03-A73EDCB3186D}.Debug|Any CPU.Build.0 = Debug|Any CPU
		{31D24303-F6A9-4D53-BB03-A73EDCB3186D}.Debug|Mixed Platforms.ActiveCfg = Debug|Any CPU
		{31D24303-F6A9-4D53-BB03-A73EDCB3186D}.Debug|Mixed Platforms.Build.0 = Debug|Any CPU
		{31D24303-F6A9-4D53-BB03-A73EDCB3186D}.Debug|x64.ActiveCfg = Debug|Any CPU
		{31D24303-F6A9-4D53-BB03-A73EDCB3186D}.Debug|x64.Build.0 = Debug|Any CPU
		{31D24303-F6A9-4D53-BB03-A73EDCB3186D}.Debug|x86.ActiveCfg = Debug|Any CPU
		{31D24303-F6A9-4D53-BB03-A73EDCB3186D}.Debug|x86.Build.0 = Debug|Any CPU
		{31D24303-F6A9-4D53-BB03-A73EDCB3186D}.Release|Any CPU.ActiveCfg = Release|Any CPU
		{31D24303-F6A9-4D53-BB03-A73EDCB3186D}.Release|Any CPU.Build.0 = Release|Any CPU
		{31D24303-F6A9-4D53-BB03-A73EDCB3186D}.Release|Mixed Platforms.ActiveCfg = Release|Any CPU
		{31D24303-F6A9-4D53-BB03-A73EDCB3186D}.Release|Mixed Platforms.Build.0 = Release|Any CPU
		{31D24303-F6A9-4D53-BB03-A73EDCB3186D}.Release|x64.ActiveCfg = Release|Any CPU
		{31D24303-F6A9-4D53-BB03-A73EDCB3186D}.Release|x64.Build.0 = Release|Any CPU
		{31D24303-F6A9-4D53-BB03-A73EDCB3186D}.Release|x86.ActiveCfg = Release|Any CPU
		{31D24303-F6A9-4D53-BB03-A73EDCB3186D}.Release|x86.Build.0 = Release|Any CPU
		{98552080-F688-46B4-A2FF-1AC7C50ECBE8}.Debug|Any CPU.ActiveCfg = Debug|x86
		{98552080-F688-46B4-A2FF-1AC7C50ECBE8}.Debug|Any CPU.Build.0 = Debug|x86
		{98552080-F688-46B4-A2FF-1AC7C50ECBE8}.Debug|Mixed Platforms.ActiveCfg = Debug|x86
		{98552080-F688-46B4-A2FF-1AC7C50ECBE8}.Debug|Mixed Platforms.Build.0 = Debug|x86
		{98552080-F688-46B4-A2FF-1AC7C50ECBE8}.Debug|x64.ActiveCfg = Debug|x64
		{98552080-F688-46B4-A2FF-1AC7C50ECBE8}.Debug|x64.Build.0 = Debug|x64
		{98552080-F688-46B4-A2FF-1AC7C50ECBE8}.Debug|x86.ActiveCfg = Debug|x86
		{98552080-F688-46B4-A2FF-1AC7C50ECBE8}.Debug|x86.Build.0 = Debug|x86
		{98552080-F688-46B4-A2FF-1AC7C50ECBE8}.Release|Any CPU.ActiveCfg = Release|x86
		{98552080-F688-46B4-A2FF-1AC7C50ECBE8}.Release|Any CPU.Build.0 = Release|x86
		{98552080-F688-46B4-A2FF-1AC7C50ECBE8}.Release|Mixed Platforms.ActiveCfg = Release|x86
		{98552080-F688-46B4-A2FF-1AC7C50ECBE8}.Release|Mixed Platforms.Build.0 = Release|x86
		{98552080-F688-46B4-A2FF-1AC7C50ECBE8}.Release|x64.ActiveCfg = Release|x64
		{98552080-F688-46B4-A2FF-1AC7C50ECBE8}.Release|x64.Build.0 = Release|x64
		{98552080-F688-46B4-A2FF-1AC7C50ECBE8}.Release|x86.ActiveCfg = Release|x86
		{98552080-F688-46B4-A2FF-1AC7C50ECBE8}.Release|x86.Build.0 = Release|x86
		{C1140035-B151-4058-8B70-B23A3D5F612F}.Debug|Any CPU.ActiveCfg = Debug|Any CPU
		{C1140035-B151-4058-8B70-B23A3D5F612F}.Debug|Mixed Platforms.ActiveCfg = Debug|Any CPU
		{C1140035-B151-4058-8B70-B23A3D5F612F}.Debug|Mixed Platforms.Build.0 = Debug|Any CPU
		{C1140035-B151-4058-8B70-B23A3D5F612F}.Debug|x64.ActiveCfg = Debug|Any CPU
		{C1140035-B151-4058-8B70-B23A3D5F612F}.Debug|x86.ActiveCfg = Debug|Any CPU
		{C1140035-B151-4058-8B70-B23A3D5F612F}.Release|Any CPU.ActiveCfg = Release|Any CPU
		{C1140035-B151-4058-8B70-B23A3D5F612F}.Release|Mixed Platforms.ActiveCfg = Release|Any CPU
		{C1140035-B151-4058-8B70-B23A3D5F612F}.Release|Mixed Platforms.Build.0 = Release|Any CPU
		{C1140035-B151-4058-8B70-B23A3D5F612F}.Release|x64.ActiveCfg = Release|Any CPU
		{C1140035-B151-4058-8B70-B23A3D5F612F}.Release|x86.ActiveCfg = Release|Any CPU
		{A7583891-5462-4035-B9CF-0AFDCB2EF42B}.Debug|Any CPU.ActiveCfg = Debug|Any CPU
		{A7583891-5462-4035-B9CF-0AFDCB2EF42B}.Debug|Any CPU.Build.0 = Debug|Any CPU
		{A7583891-5462-4035-B9CF-0AFDCB2EF42B}.Debug|Mixed Platforms.ActiveCfg = Debug|Any CPU
		{A7583891-5462-4035-B9CF-0AFDCB2EF42B}.Debug|Mixed Platforms.Build.0 = Debug|Any CPU
		{A7583891-5462-4035-B9CF-0AFDCB2EF42B}.Debug|x64.ActiveCfg = Debug|Any CPU
		{A7583891-5462-4035-B9CF-0AFDCB2EF42B}.Debug|x64.Build.0 = Debug|Any CPU
		{A7583891-5462-4035-B9CF-0AFDCB2EF42B}.Debug|x86.ActiveCfg = Debug|Any CPU
		{A7583891-5462-4035-B9CF-0AFDCB2EF42B}.Debug|x86.Build.0 = Debug|Any CPU
		{A7583891-5462-4035-B9CF-0AFDCB2EF42B}.Release|Any CPU.ActiveCfg = Release|Any CPU
		{A7583891-5462-4035-B9CF-0AFDCB2EF42B}.Release|Any CPU.Build.0 = Release|Any CPU
		{A7583891-5462-4035-B9CF-0AFDCB2EF42B}.Release|Mixed Platforms.ActiveCfg = Release|Any CPU
		{A7583891-5462-4035-B9CF-0AFDCB2EF42B}.Release|Mixed Platforms.Build.0 = Release|Any CPU
		{A7583891-5462-4035-B9CF-0AFDCB2EF42B}.Release|x64.ActiveCfg = Release|Any CPU
		{A7583891-5462-4035-B9CF-0AFDCB2EF42B}.Release|x64.Build.0 = Release|Any CPU
		{A7583891-5462-4035-B9CF-0AFDCB2EF42B}.Release|x86.ActiveCfg = Release|Any CPU
		{A7583891-5462-4035-B9CF-0AFDCB2EF42B}.Release|x86.Build.0 = Release|Any CPU
	EndGlobalSection
	GlobalSection(SolutionProperties) = preSolution
		HideSolutionNode = FALSE
	EndGlobalSection
	GlobalSection(NestedProjects) = preSolution
		{160AE11E-138A-4B77-9642-EA74F9A79B4D} = {BE4B1F06-496A-461D-AC50-FC096BB3E8F1}
		{C1FBB9AF-B69A-4D06-9BDC-EAC7606296FF} = {BE4B1F06-496A-461D-AC50-FC096BB3E8F1}
		{16E177F3-A0FF-4091-8521-562E0EBAA3AB} = {BE4B1F06-496A-461D-AC50-FC096BB3E8F1}
		{F2F48990-F81E-41BA-AD01-168F6178C807} = {BE4B1F06-496A-461D-AC50-FC096BB3E8F1}
		{9D4738F7-34EA-433A-A765-AF85A52A174D} = {BE4B1F06-496A-461D-AC50-FC096BB3E8F1}
		{98552080-F688-46B4-A2FF-1AC7C50ECBE8} = {BE4B1F06-496A-461D-AC50-FC096BB3E8F1}
		{C1140035-B151-4058-8B70-B23A3D5F612F} = {18C13F25-64BD-4884-A33C-D1DFD486EFBA}
		{A7583891-5462-4035-B9CF-0AFDCB2EF42B} = {59FB3C0D-262E-4849-B4BE-C7B1A7CDE682}
	EndGlobalSection
EndGlobal
