
Microsoft Visual Studio Solution File, Format Version 12.00
# Visual Studio Version 16
VisualStudioVersion = 16.0.28729.10
MinimumVisualStudioVersion = 10.0.40219.1
Project("{FAE04EC0-301F-11D3-BF4B-00C04F79EFBC}") = "ZEngine", "ZEngine\ZEngine.csproj", "{EF9A6890-9B4B-4610-9D7D-9734784B9B7E}"
EndProject
Project("{FAE04EC0-301F-11D3-BF4B-00C04F79EFBC}") = "SFML_TowerDefense", "SFML_TowerDefense\SFML_TowerDefense.csproj", "{DC00B564-5D36-4649-B5B9-BEE0B4EF83E8}"
EndProject
Project("{FAE04EC0-301F-11D3-BF4B-00C04F79EFBC}") = "AssetForge", "AssetForge\AssetForge.csproj", "{5E3BD030-4485-43A0-ADA0-2128E5138997}"
EndProject
Project("{FAE04EC0-301F-11D3-BF4B-00C04F79EFBC}") = "Exofinity", "Exofinity\Exofinity.csproj", "{626AC5FB-2501-4C23-9695-ABD79A1A3EF7}"
EndProject
Global
	GlobalSection(SolutionConfigurationPlatforms) = preSolution
		Debug|x64 = Debug|x64
		Release|x64 = Release|x64
	EndGlobalSection
	GlobalSection(ProjectConfigurationPlatforms) = postSolution
		{EF9A6890-9B4B-4610-9D7D-9734784B9B7E}.Debug|x64.ActiveCfg = Debug|x64
		{EF9A6890-9B4B-4610-9D7D-9734784B9B7E}.Debug|x64.Build.0 = Debug|x64
		{EF9A6890-9B4B-4610-9D7D-9734784B9B7E}.Release|x64.ActiveCfg = Release|x64
		{EF9A6890-9B4B-4610-9D7D-9734784B9B7E}.Release|x64.Build.0 = Release|x64
		{DC00B564-5D36-4649-B5B9-BEE0B4EF83E8}.Debug|x64.ActiveCfg = Debug|x64
		{DC00B564-5D36-4649-B5B9-BEE0B4EF83E8}.Debug|x64.Build.0 = Debug|x64
		{DC00B564-5D36-4649-B5B9-BEE0B4EF83E8}.Release|x64.ActiveCfg = Release|x64
		{DC00B564-5D36-4649-B5B9-BEE0B4EF83E8}.Release|x64.Build.0 = Release|x64
		{5E3BD030-4485-43A0-ADA0-2128E5138997}.Debug|x64.ActiveCfg = Debug|x64
		{5E3BD030-4485-43A0-ADA0-2128E5138997}.Debug|x64.Build.0 = Debug|x64
		{5E3BD030-4485-43A0-ADA0-2128E5138997}.Release|x64.ActiveCfg = Release|x64
		{5E3BD030-4485-43A0-ADA0-2128E5138997}.Release|x64.Build.0 = Release|x64
		{626AC5FB-2501-4C23-9695-ABD79A1A3EF7}.Debug|x64.ActiveCfg = Debug|x64
		{626AC5FB-2501-4C23-9695-ABD79A1A3EF7}.Debug|x64.Build.0 = Debug|x64
		{626AC5FB-2501-4C23-9695-ABD79A1A3EF7}.Release|x64.ActiveCfg = Release|x64
		{626AC5FB-2501-4C23-9695-ABD79A1A3EF7}.Release|x64.Build.0 = Release|x64
	EndGlobalSection
	GlobalSection(SolutionProperties) = preSolution
		HideSolutionNode = FALSE
	EndGlobalSection
	GlobalSection(ExtensibilityGlobals) = postSolution
		SolutionGuid = {87E2DB87-BDA3-4968-96CB-89CF12DE92C5}
	EndGlobalSection
EndGlobal
