
Microsoft Visual Studio Solution File, Format Version 12.00
# Visual Studio 15
VisualStudioVersion = 15.0.26228.4
MinimumVisualStudioVersion = 10.0.40219.1
Project("{FAE04EC0-301F-11D3-BF4B-00C04F79EFBC}") = "SFML_Engine", "SFML_Engine\SFML_Engine.csproj", "{EF9A6890-9B4B-4610-9D7D-9734784B9B7E}"
EndProject
Project("{FAE04EC0-301F-11D3-BF4B-00C04F79EFBC}") = "SFML_Pong", "SFML_Pong\SFML_Pong.csproj", "{8BD345E2-AEFE-4739-AA56-7BC3834D4DB4}"
EndProject
Global
	GlobalSection(SolutionConfigurationPlatforms) = preSolution
		Debug|Any CPU = Debug|Any CPU
		Debug|x64 = Debug|x64
		Debug|x86 = Debug|x86
		Release|Any CPU = Release|Any CPU
		Release|x64 = Release|x64
		Release|x86 = Release|x86
	EndGlobalSection
	GlobalSection(ProjectConfigurationPlatforms) = postSolution
		{EF9A6890-9B4B-4610-9D7D-9734784B9B7E}.Debug|Any CPU.ActiveCfg = Debug|Any CPU
		{EF9A6890-9B4B-4610-9D7D-9734784B9B7E}.Debug|Any CPU.Build.0 = Debug|Any CPU
		{EF9A6890-9B4B-4610-9D7D-9734784B9B7E}.Debug|x64.ActiveCfg = Debug|x64
		{EF9A6890-9B4B-4610-9D7D-9734784B9B7E}.Debug|x64.Build.0 = Debug|x64
		{EF9A6890-9B4B-4610-9D7D-9734784B9B7E}.Debug|x86.ActiveCfg = Debug|x86
		{EF9A6890-9B4B-4610-9D7D-9734784B9B7E}.Debug|x86.Build.0 = Debug|x86
		{EF9A6890-9B4B-4610-9D7D-9734784B9B7E}.Release|Any CPU.ActiveCfg = Release|Any CPU
		{EF9A6890-9B4B-4610-9D7D-9734784B9B7E}.Release|Any CPU.Build.0 = Release|Any CPU
		{EF9A6890-9B4B-4610-9D7D-9734784B9B7E}.Release|x64.ActiveCfg = Release|x64
		{EF9A6890-9B4B-4610-9D7D-9734784B9B7E}.Release|x64.Build.0 = Release|x64
		{EF9A6890-9B4B-4610-9D7D-9734784B9B7E}.Release|x86.ActiveCfg = Release|x86
		{EF9A6890-9B4B-4610-9D7D-9734784B9B7E}.Release|x86.Build.0 = Release|x86
		{8BD345E2-AEFE-4739-AA56-7BC3834D4DB4}.Debug|Any CPU.ActiveCfg = Debug|Any CPU
		{8BD345E2-AEFE-4739-AA56-7BC3834D4DB4}.Debug|Any CPU.Build.0 = Debug|Any CPU
		{8BD345E2-AEFE-4739-AA56-7BC3834D4DB4}.Debug|x64.ActiveCfg = Debug|x64
		{8BD345E2-AEFE-4739-AA56-7BC3834D4DB4}.Debug|x64.Build.0 = Debug|x64
		{8BD345E2-AEFE-4739-AA56-7BC3834D4DB4}.Debug|x86.ActiveCfg = Debug|x86
		{8BD345E2-AEFE-4739-AA56-7BC3834D4DB4}.Debug|x86.Build.0 = Debug|x86
		{8BD345E2-AEFE-4739-AA56-7BC3834D4DB4}.Release|Any CPU.ActiveCfg = Release|Any CPU
		{8BD345E2-AEFE-4739-AA56-7BC3834D4DB4}.Release|Any CPU.Build.0 = Release|Any CPU
		{8BD345E2-AEFE-4739-AA56-7BC3834D4DB4}.Release|x64.ActiveCfg = Release|x64
		{8BD345E2-AEFE-4739-AA56-7BC3834D4DB4}.Release|x64.Build.0 = Release|x64
		{8BD345E2-AEFE-4739-AA56-7BC3834D4DB4}.Release|x86.ActiveCfg = Release|x86
		{8BD345E2-AEFE-4739-AA56-7BC3834D4DB4}.Release|x86.Build.0 = Release|x86
	EndGlobalSection
	GlobalSection(SolutionProperties) = preSolution
		HideSolutionNode = FALSE
	EndGlobalSection
EndGlobal
